
Microsoft Visual Studio Solution File, Format Version 12.00
# Visual Studio Version 17
VisualStudioVersion = 17.0.31903.59
MinimumVisualStudioVersion = 10.0.40219.1
Project("{FAE04EC0-301F-11D3-BF4B-00C04F79EFBC}") = "FC.ClickVende.API", "FC.ClickVende.API\FC.ClickVende.API.csproj", "{0BFEB24F-48B8-4572-AF75-073E16E3DB7A}"
EndProject
Project("{FAE04EC0-301F-11D3-BF4B-00C04F79EFBC}") = "FC.ClickVende.Business", "FC.ClickVende.Business\FC.ClickVende.Business.csproj", "{C8286BC1-CEEC-4D2E-B627-A8EAAD75199E}"
EndProject
Project("{FAE04EC0-301F-11D3-BF4B-00C04F79EFBC}") = "FC.ClickVende.Data", "FC.ClickVende.Data\FC.ClickVende.Data.csproj", "{6AC1852B-78A1-471A-81C0-38607189E0DD}"
EndProject
Global
	GlobalSection(SolutionConfigurationPlatforms) = preSolution
		Debug|Any CPU = Debug|Any CPU
		Release|Any CPU = Release|Any CPU
	EndGlobalSection
	GlobalSection(SolutionProperties) = preSolution
		HideSolutionNode = FALSE
	EndGlobalSection
	GlobalSection(ProjectConfigurationPlatforms) = postSolution
		{0BFEB24F-48B8-4572-AF75-073E16E3DB7A}.Debug|Any CPU.ActiveCfg = Debug|Any CPU
		{0BFEB24F-48B8-4572-AF75-073E16E3DB7A}.Debug|Any CPU.Build.0 = Debug|Any CPU
		{0BFEB24F-48B8-4572-AF75-073E16E3DB7A}.Release|Any CPU.ActiveCfg = Release|Any CPU
		{0BFEB24F-48B8-4572-AF75-073E16E3DB7A}.Release|Any CPU.Build.0 = Release|Any CPU
		{C8286BC1-CEEC-4D2E-B627-A8EAAD75199E}.Debug|Any CPU.ActiveCfg = Debug|Any CPU
		{C8286BC1-CEEC-4D2E-B627-A8EAAD75199E}.Debug|Any CPU.Build.0 = Debug|Any CPU
		{C8286BC1-CEEC-4D2E-B627-A8EAAD75199E}.Release|Any CPU.ActiveCfg = Release|Any CPU
		{C8286BC1-CEEC-4D2E-B627-A8EAAD75199E}.Release|Any CPU.Build.0 = Release|Any CPU
		{6AC1852B-78A1-471A-81C0-38607189E0DD}.Debug|Any CPU.ActiveCfg = Debug|Any CPU
		{6AC1852B-78A1-471A-81C0-38607189E0DD}.Debug|Any CPU.Build.0 = Debug|Any CPU
		{6AC1852B-78A1-471A-81C0-38607189E0DD}.Release|Any CPU.ActiveCfg = Release|Any CPU
		{6AC1852B-78A1-471A-81C0-38607189E0DD}.Release|Any CPU.Build.0 = Release|Any CPU
	EndGlobalSection
EndGlobal
